
Microsoft Visual Studio Solution File, Format Version 12.00
# Visual Studio 2012
Project("{FAE04EC0-301F-11D3-BF4B-00C04F79EFBC}") = "BuilNumberExtractor", "BuilNumberExtractor\BuilNumberExtractor.csproj", "{10D1D4BB-9740-4359-945C-3DB07339E34B}"
EndProject
Project("{FAE04EC0-301F-11D3-BF4B-00C04F79EFBC}") = "BuilNumberExtractorTest", "BuilNumberExtractorTest\BuilNumberExtractorTest.csproj", "{4025D70A-8FE6-4F1D-A947-E3C8FBA56444}"
EndProject
Global
	GlobalSection(SolutionConfigurationPlatforms) = preSolution
		Debug|Any CPU = Debug|Any CPU
		Release|Any CPU = Release|Any CPU
	EndGlobalSection
	GlobalSection(ProjectConfigurationPlatforms) = postSolution
		{10D1D4BB-9740-4359-945C-3DB07339E34B}.Debug|Any CPU.ActiveCfg = Debug|Any CPU
		{10D1D4BB-9740-4359-945C-3DB07339E34B}.Debug|Any CPU.Build.0 = Debug|Any CPU
		{10D1D4BB-9740-4359-945C-3DB07339E34B}.Release|Any CPU.ActiveCfg = Release|Any CPU
		{10D1D4BB-9740-4359-945C-3DB07339E34B}.Release|Any CPU.Build.0 = Release|Any CPU
		{4025D70A-8FE6-4F1D-A947-E3C8FBA56444}.Debug|Any CPU.ActiveCfg = Debug|Any CPU
		{4025D70A-8FE6-4F1D-A947-E3C8FBA56444}.Debug|Any CPU.Build.0 = Debug|Any CPU
		{4025D70A-8FE6-4F1D-A947-E3C8FBA56444}.Release|Any CPU.ActiveCfg = Release|Any CPU
		{4025D70A-8FE6-4F1D-A947-E3C8FBA56444}.Release|Any CPU.Build.0 = Release|Any CPU
	EndGlobalSection
	GlobalSection(SolutionProperties) = preSolution
		HideSolutionNode = FALSE
	EndGlobalSection
EndGlobal
